<?xml version="1.0" encoding="utf-8"?>
<Project ToolsVersion="4.0" xmlns="http://schemas.microsoft.com/developer/msbuild/2003">
  <ItemGroup>
    <Filter Include="リソース ファイル">
      <UniqueIdentifier>{67DA6AB6-F800-4c08-8B7A-83BB121AAD01}</UniqueIdentifier>
      <Extensions>rc;ico;cur;bmp;dlg;rc2;rct;bin;rgs;gif;jpg;jpeg;jpe;resx;tiff;tif;png;wav;mfcribbon-ms</Extensions>
    </Filter>
    <Filter Include="Common">
      <UniqueIdentifier>{1848e9de-a1aa-4270-81c7-17b4b0add8ed}</UniqueIdentifier>
    </Filter>
  </ItemGroup>
  <ItemGroup>
    <ClInclude Include="Resource.h">
      <Filter>リソース ファイル</Filter>
    </ClInclude>
    <ClInclude Include="..\Common\MyTracer.h">
      <Filter>Common</Filter>
    </ClInclude>
    <ClInclude Include="targetver.h" />
    <ClInclude Include="framework.h" />
    <ClInclude Include="MainFrame.h" />
    <ClInclude Include="OutProcess.h" />
    <ClInclude Include="pch.h" />
    <ClInclude Include="..\Common\MyTracer2.h">
      <Filter>Common</Filter>
    </ClInclude>
  </ItemGroup>
  <ItemGroup>
    <ClCompile Include="pch.cpp" />
    <ClCompile Include="MainFrame.cpp" />
    <ClCompile Include="OutProcess.cpp" />
  </ItemGroup>
  <ItemGroup>
    <ResourceCompile Include="OutProcess.rc">
      <Filter>リソース ファイル</Filter>
    </ResourceCompile>
  </ItemGroup>
  <ItemGroup>
    <None Include="res\OutProcess.rc2">
      <Filter>リソース ファイル</Filter>
    </None>
  </ItemGroup>
  <ItemGroup>
    <Image Include="res\OutProcess.ico">
      <Filter>リソース ファイル</Filter>
    </Image>
  </ItemGroup>
</Project>